PODS:
  - Flutter (1.0.0)
  - voice_flutter (0.1.0):
    - Flutter

DEPENDENCIES:
  - Flutter (from `Flutter`)
  - voice_flutter (from `.symlinks/plugins/voice_flutter/ios`)

EXTERNAL SOURCES:
  Flutter:
    :path: Flutter
  voice_flutter:
    :path: ".symlinks/plugins/voice_flutter/ios"

SPEC CHECKSUMS:
  Flutter: cabc95a1d2626b1b06e7179b784ebcf0c0cde467
  voice_flutter: 404c42df031b763a0d641c11a74de6bb3870ba49

PODFILE CHECKSUM: 3c63482e143d1b91d2d2560aee9fb04ecc74ac7e

COCOAPODS: 1.16.2
