PODS:
  - Flutter (1.0.0)
  - vocra (0.2.0):
    - Flutter

DEPENDENCIES:
  - Flutter (from `Flutter`)
  - vocra (from `.symlinks/plugins/vocra/ios`)

EXTERNAL SOURCES:
  Flutter:
    :path: Flutter
  vocra:
    :path: ".symlinks/plugins/vocra/ios"

SPEC CHECKSUMS:
  Flutter: cabc95a1d2626b1b06e7179b784ebcf0c0cde467
  vocra: 5695eecd7a726fd821e6ae4845d92d40529a77e7

PODFILE CHECKSUM: 3c63482e143d1b91d2d2560aee9fb04ecc74ac7e

COCOAPODS: 1.16.2
